
Microsoft Visual Studio Solution File, Format Version 12.00
# Visual Studio Version 17
VisualStudioVersion = 17.5.002.0
MinimumVisualStudioVersion = 10.0.40219.1
Project("{9A19103F-16F7-4668-BE54-9A1E7A4F7556}") = "server", "server\server.csproj", "{90E379B1-366E-4962-BFC0-DC797408B773}"
EndProject
Global
	GlobalSection(SolutionConfigurationPlatforms) = preSolution
		Debug|Any CPU = Debug|Any CPU
		Release|Any CPU = Release|Any CPU
	EndGlobalSection
	GlobalSection(ProjectConfigurationPlatforms) = postSolution
		{90E379B1-366E-4962-BFC0-DC797408B773}.Debug|Any CPU.ActiveCfg = Debug|Any CPU
		{90E379B1-366E-4962-BFC0-DC797408B773}.Debug|Any CPU.Build.0 = Debug|Any CPU
		{90E379B1-366E-4962-BFC0-DC797408B773}.Release|Any CPU.ActiveCfg = Release|Any CPU
		{90E379B1-366E-4962-BFC0-DC797408B773}.Release|Any CPU.Build.0 = Release|Any CPU
	EndGlobalSection
	GlobalSection(SolutionProperties) = preSolution
		HideSolutionNode = FALSE
	EndGlobalSection
	GlobalSection(ExtensibilityGlobals) = postSolution
		SolutionGuid = {3BE48940-A339-4153-A3DB-BE905AEE0E47}
	EndGlobalSection
EndGlobal
